{
    "requires": true,
    "lockfileVersion": 1,
    "dependencies": {
        "localized-strings": {
            "version": "0.2.4",
            "resolved": "https://registry.npmjs.org/localized-strings/-/localized-strings-0.2.4.tgz",
            "integrity": "sha512-TKDhqFPkIIN/if2FSvVVZTaM/GP9TzfgdQ2uY65mr32xgFu5nqkKXprXbzy5rfx32DF5LDvS/y1UqYF/mAscYA=="
        },
        "react-localization": {
            "version": "1.0.17",
            "resolved": "https://registry.npmjs.org/react-localization/-/react-localization-1.0.17.tgz",
            "integrity": "sha512-UowuLAvnEPXJgzxjDX/9hKdKYvtUgC6hQ5PV0CnT5f/77tItIUru5tTwgrDY2UL5oUK3JRMgz42tqnAU2W5eoA==",
            "requires": {
                "localized-strings": "^0.2.0"
            }
        }
    }
}
